// !$*UTF8*$!
{
	archiveVersion = 1;
	classes = {
	};
	objectVersion = 52;
	objects = {

/* Begin PBXBuildFile section */
		BC36E7B9250A5EDD00300D2F /* DetailVC+Player.swift in Sources */ = {isa = PBXBuildFile; fileRef = BC36E7B8250A5EDD00300D2F /* DetailVC+Player.swift */; };
		BC36E7BB250BFBAC00300D2F /* SearchVC+APIManagerDelegate.swift in Sources */ = {isa = PBXBuildFile; fileRef = BC36E7BA250BFBAC00300D2F /* SearchVC+APIManagerDelegate.swift */; };
		BC36E7BD250BFC0F00300D2F /* DetailVC+APIManagerDelegate.swift in Sources */ = {isa = PBXBuildFile; fileRef = BC36E7BC250BFC0F00300D2F /* DetailVC+APIManagerDelegate.swift */; };
		BC42238A2507D49F006EEF05 /* DetailViewController.swift in Sources */ = {isa = PBXBuildFile; fileRef = BC4223892507D49F006EEF05 /* DetailViewController.swift */; };
		BC42238C2507DC84006EEF05 /* DetailVC+TableView.swift in Sources */ = {isa = PBXBuildFile; fileRef = BC42238B2507DC84006EEF05 /* DetailVC+TableView.swift */; };
		BC42238F2507E6B2006EEF05 /* SongTableViewCell.swift in Sources */ = {isa = PBXBuildFile; fileRef = BC42238D2507E6B2006EEF05 /* SongTableViewCell.swift */; };
		BC4223902507E6B2006EEF05 /* SongTableViewCell.xib in Resources */ = {isa = PBXBuildFile; fileRef = BC42238E2507E6B2006EEF05 /* SongTableViewCell.xib */; };
		BCB257CE2506DEE9005C7029 /* AppDelegate.swift in Sources */ = {isa = PBXBuildFile; fileRef = BCB257CD2506DEE9005C7029 /* AppDelegate.swift */; };
		BCB257D02506DEE9005C7029 /* SceneDelegate.swift in Sources */ = {isa = PBXBuildFile; fileRef = BCB257CF2506DEE9005C7029 /* SceneDelegate.swift */; };
		BCB257D22506DEE9005C7029 /* SearchViewController.swift in Sources */ = {isa = PBXBuildFile; fileRef = BCB257D12506DEE9005C7029 /* SearchViewController.swift */; };
		BCB257D52506DEE9005C7029 /* Main.storyboard in Resources */ = {isa = PBXBuildFile; fileRef = BCB257D32506DEE9005C7029 /* Main.storyboard */; };
		BCB257D72506DEEA005C7029 /* Assets.xcassets in Resources */ = {isa = PBXBuildFile; fileRef = BCB257D62506DEEA005C7029 /* Assets.xcassets */; };
		BCB257DA2506DEEA005C7029 /* LaunchScreen.storyboard in Resources */ = {isa = PBXBuildFile; fileRef = BCB257D82506DEEA005C7029 /* LaunchScreen.storyboard */; };
		BCB257E42506E015005C7029 /* APIManager.swift in Sources */ = {isa = PBXBuildFile; fileRef = BCB257E32506E015005C7029 /* APIManager.swift */; };
		BCB257E62506E32F005C7029 /* APIDataModel.swift in Sources */ = {isa = PBXBuildFile; fileRef = BCB257E52506E32F005C7029 /* APIDataModel.swift */; };
		BCB257E8250798B0005C7029 /* SearchBarCollectionReusableView.swift in Sources */ = {isa = PBXBuildFile; fileRef = BCB257E7250798B0005C7029 /* SearchBarCollectionReusableView.swift */; };
		BCB257EE25079E53005C7029 /* AlbumCollectionViewCell.swift in Sources */ = {isa = PBXBuildFile; fileRef = BCB257EC25079E53005C7029 /* AlbumCollectionViewCell.swift */; };
		BCB257EF25079E53005C7029 /* AlbumCollectionViewCell.xib in Resources */ = {isa = PBXBuildFile; fileRef = BCB257ED25079E53005C7029 /* AlbumCollectionViewCell.xib */; };
		BCB257F225079FC7005C7029 /* SDWebImage in Frameworks */ = {isa = PBXBuildFile; productRef = BCB257F125079FC7005C7029 /* SDWebImage */; };
		BCB257F52507C5C9005C7029 /* SearchVC+CollectionView.swift in Sources */ = {isa = PBXBuildFile; fileRef = BCB257F42507C5C9005C7029 /* SearchVC+CollectionView.swift */; };
		BCB257F72507C5DE005C7029 /* SearchVC+SearchBar.swift in Sources */ = {isa = PBXBuildFile; fileRef = BCB257F62507C5DE005C7029 /* SearchVC+SearchBar.swift */; };
/* End PBXBuildFile section */

/* Begin PBXFileReference section */
		BC36E7B8250A5EDD00300D2F /* DetailVC+Player.swift */ = {isa = PBXFileReference; lastKnownFileType = sourcecode.swift; path = "DetailVC+Player.swift"; sourceTree = "<group>"; };
		BC36E7BA250BFBAC00300D2F /* SearchVC+APIManagerDelegate.swift */ = {isa = PBXFileReference; lastKnownFileType = sourcecode.swift; path = "SearchVC+APIManagerDelegate.swift"; sourceTree = "<group>"; };
		BC36E7BC250BFC0F00300D2F /* DetailVC+APIManagerDelegate.swift */ = {isa = PBXFileReference; lastKnownFileType = sourcecode.swift; path = "DetailVC+APIManagerDelegate.swift"; sourceTree = "<group>"; };
		BC4223892507D49F006EEF05 /* DetailViewController.swift */ = {isa = PBXFileReference; lastKnownFileType = sourcecode.swift; path = DetailViewController.swift; sourceTree = "<group>"; };
		BC42238B2507DC84006EEF05 /* DetailVC+TableView.swift */ = {isa = PBXFileReference; lastKnownFileType = sourcecode.swift; path = "DetailVC+TableView.swift"; sourceTree = "<group>"; };
		BC42238D2507E6B2006EEF05 /* SongTableViewCell.swift */ = {isa = PBXFileReference; lastKnownFileType = sourcecode.swift; path = SongTableViewCell.swift; sourceTree = "<group>"; };
		BC42238E2507E6B2006EEF05 /* SongTableViewCell.xib */ = {isa = PBXFileReference; lastKnownFileType = file.xib; path = SongTableViewCell.xib; sourceTree = "<group>"; };
		BCB257CA2506DEE9005C7029 /* AlbumTunes.app */ = {isa = PBXFileReference; explicitFileType = wrapper.application; includeInIndex = 0; path = AlbumTunes.app; sourceTree = BUILT_PRODUCTS_DIR; };
		BCB257CD2506DEE9005C7029 /* AppDelegate.swift */ = {isa = PBXFileReference; lastKnownFileType = sourcecode.swift; path = AppDelegate.swift; sourceTree = "<group>"; };
		BCB257CF2506DEE9005C7029 /* SceneDelegate.swift */ = {isa = PBXFileReference; lastKnownFileType = sourcecode.swift; path = SceneDelegate.swift; sourceTree = "<group>"; };
		BCB257D12506DEE9005C7029 /* SearchViewController.swift */ = {isa = PBXFileReference; lastKnownFileType = sourcecode.swift; path = SearchViewController.swift; sourceTree = "<group>"; };
		BCB257D42506DEE9005C7029 /* Base */ = {isa = PBXFileReference; lastKnownFileType = file.storyboard; name = Base; path = Base.lproj/Main.storyboard; sourceTree = "<group>"; };
		BCB257D62506DEEA005C7029 /* Assets.xcassets */ = {isa = PBXFileReference; lastKnownFileType = folder.assetcatalog; path = Assets.xcassets; sourceTree = "<group>"; };
		BCB257D92506DEEA005C7029 /* Base */ = {isa = PBXFileReference; lastKnownFileType = file.storyboard; name = Base; path = Base.lproj/LaunchScreen.storyboard; sourceTree = "<group>"; };
		BCB257DB2506DEEA005C7029 /* Info.plist */ = {isa = PBXFileReference; lastKnownFileType = text.plist.xml; path = Info.plist; sourceTree = "<group>"; };
		BCB257E32506E015005C7029 /* APIManager.swift */ = {isa = PBXFileReference; lastKnownFileType = sourcecode.swift; path = APIManager.swift; sourceTree = "<group>"; };
		BCB257E52506E32F005C7029 /* APIDataModel.swift */ = {isa = PBXFileReference; lastKnownFileType = sourcecode.swift; path = APIDataModel.swift; sourceTree = "<group>"; };
		BCB257E7250798B0005C7029 /* SearchBarCollectionReusableView.swift */ = {isa = PBXFileReference; lastKnownFileType = sourcecode.swift; path = SearchBarCollectionReusableView.swift; sourceTree = "<group>"; };
		BCB257EC25079E53005C7029 /* AlbumCollectionViewCell.swift */ = {isa = PBXFileReference; lastKnownFileType = sourcecode.swift; path = AlbumCollectionViewCell.swift; sourceTree = "<group>"; };
		BCB257ED25079E53005C7029 /* AlbumCollectionViewCell.xib */ = {isa = PBXFileReference; lastKnownFileType = file.xib; path = AlbumCollectionViewCell.xib; sourceTree = "<group>"; };
		BCB257F42507C5C9005C7029 /* SearchVC+CollectionView.swift */ = {isa = PBXFileReference; lastKnownFileType = sourcecode.swift; path = "SearchVC+CollectionView.swift"; sourceTree = "<group>"; };
		BCB257F62507C5DE005C7029 /* SearchVC+SearchBar.swift */ = {isa = PBXFileReference; lastKnownFileType = sourcecode.swift; path = "SearchVC+SearchBar.swift"; sourceTree = "<group>"; };
/* End PBXFileReference section */

/* Begin PBXFrameworksBuildPhase section */
		BCB257C72506DEE9005C7029 /* Frameworks */ = {
			isa = PBXFrameworksBuildPhase;
			buildActionMask = 2147483647;
			files = (
				BCB257F225079FC7005C7029 /* SDWebImage in Frameworks */,
			);
			runOnlyForDeploymentPostprocessing = 0;
		};
/* End PBXFrameworksBuildPhase section */

/* Begin PBXGroup section */
		BCB257C12506DEE9005C7029 = {
			isa = PBXGroup;
			children = (
				BCB257CC2506DEE9005C7029 /* AlbumTunes */,
				BCB257CB2506DEE9005C7029 /* Products */,
			);
			sourceTree = "<group>";
		};
		BCB257CB2506DEE9005C7029 /* Products */ = {
			isa = PBXGroup;
			children = (
				BCB257CA2506DEE9005C7029 /* AlbumTunes.app */,
			);
			name = Products;
			sourceTree = "<group>";
		};
		BCB257CC2506DEE9005C7029 /* AlbumTunes */ = {
			isa = PBXGroup;
			children = (
				BCB257CD2506DEE9005C7029 /* AppDelegate.swift */,
				BCB257CF2506DEE9005C7029 /* SceneDelegate.swift */,
				BCB257D62506DEEA005C7029 /* Assets.xcassets */,
				BCB257DB2506DEEA005C7029 /* Info.plist */,
				BCB257E925079D2F005C7029 /* Model */,
				BCB257EA25079DD1005C7029 /* Views */,
				BCB257EB25079DED005C7029 /* Controllers */,
			);
			path = AlbumTunes;
			sourceTree = "<group>";
		};
		BCB257E925079D2F005C7029 /* Model */ = {
			isa = PBXGroup;
			children = (
				BCB257E32506E015005C7029 /* APIManager.swift */,
				BCB257E52506E32F005C7029 /* APIDataModel.swift */,
			);
			path = Model;
			sourceTree = "<group>";
		};
		BCB257EA25079DD1005C7029 /* Views */ = {
			isa = PBXGroup;
			children = (
				BCB257D32506DEE9005C7029 /* Main.storyboard */,
				BCB257D82506DEEA005C7029 /* LaunchScreen.storyboard */,
				BCB257E7250798B0005C7029 /* SearchBarCollectionReusableView.swift */,
				BCB257EC25079E53005C7029 /* AlbumCollectionViewCell.swift */,
				BCB257ED25079E53005C7029 /* AlbumCollectionViewCell.xib */,
				BC42238D2507E6B2006EEF05 /* SongTableViewCell.swift */,
				BC42238E2507E6B2006EEF05 /* SongTableViewCell.xib */,
			);
			path = Views;
			sourceTree = "<group>";
		};
		BCB257EB25079DED005C7029 /* Controllers */ = {
			isa = PBXGroup;
			children = (
				BCB257D12506DEE9005C7029 /* SearchViewController.swift */,
				BC4223892507D49F006EEF05 /* DetailViewController.swift */,
				BCB257F32507C5AD005C7029 /* Extensions */,
			);
			path = Controllers;
			sourceTree = "<group>";
		};
		BCB257F32507C5AD005C7029 /* Extensions */ = {
			isa = PBXGroup;
			children = (
				BCB257F42507C5C9005C7029 /* SearchVC+CollectionView.swift */,
				BCB257F62507C5DE005C7029 /* SearchVC+SearchBar.swift */,
				BC36E7BA250BFBAC00300D2F /* SearchVC+APIManagerDelegate.swift */,
				BC42238B2507DC84006EEF05 /* DetailVC+TableView.swift */,
				BC36E7B8250A5EDD00300D2F /* DetailVC+Player.swift */,
				BC36E7BC250BFC0F00300D2F /* DetailVC+APIManagerDelegate.swift */,
			);
			path = Extensions;
			sourceTree = "<group>";
		};
/* End PBXGroup section */

/* Begin PBXNativeTarget section */
		BCB257C92506DEE9005C7029 /* AlbumTunes */ = {
			isa = PBXNativeTarget;
			buildConfigurationList = BCB257DE2506DEEA005C7029 /* Build configuration list for PBXNativeTarget "AlbumTunes" */;
			buildPhases = (
				BCB257C62506DEE9005C7029 /* Sources */,
				BCB257C72506DEE9005C7029 /* Frameworks */,
				BCB257C82506DEE9005C7029 /* Resources */,
			);
			buildRules = (
			);
			dependencies = (
			);
			name = AlbumTunes;
			packageProductDependencies = (
				BCB257F125079FC7005C7029 /* SDWebImage */,
			);
			productName = AlbumTunes;
			productReference = BCB257CA2506DEE9005C7029 /* AlbumTunes.app */;
			productType = "com.apple.product-type.application";
		};
/* End PBXNativeTarget section */

/* Begin PBXProject section */
		BCB257C22506DEE9005C7029 /* Project object */ = {
			isa = PBXProject;
			attributes = {
				LastSwiftUpdateCheck = 1170;
				LastUpgradeCheck = 1170;
				ORGANIZATIONNAME = "Denis Sushkov";
				TargetAttributes = {
					BCB257C92506DEE9005C7029 = {
						CreatedOnToolsVersion = 11.7;
					};
				};
			};
			buildConfigurationList = BCB257C52506DEE9005C7029 /* Build configuration list for PBXProject "AlbumTunes" */;
			compatibilityVersion = "Xcode 9.3";
			developmentRegion = en;
			hasScannedForEncodings = 0;
			knownRegions = (
				en,
				Base,
			);
			mainGroup = BCB257C12506DEE9005C7029;
			packageReferences = (
				BCB257F025079FC7005C7029 /* XCRemoteSwiftPackageReference "SDWebImage" */,
			);
			productRefGroup = BCB257CB2506DEE9005C7029 /* Products */;
			projectDirPath = "";
			projectRoot = "";
			targets = (
				BCB257C92506DEE9005C7029 /* AlbumTunes */,
			);
		};
/* End PBXProject section */

/* Begin PBXResourcesBuildPhase section */
		BCB257C82506DEE9005C7029 /* Resources */ = {
			isa = PBXResourcesBuildPhase;
			buildActionMask = 2147483647;
			files = (
				BC4223902507E6B2006EEF05 /* SongTableViewCell.xib in Resources */,
				BCB257EF25079E53005C7029 /* AlbumCollectionViewCell.xib in Resources */,
				BCB257DA2506DEEA005C7029 /* LaunchScreen.storyboard in Resources */,
				BCB257D72506DEEA005C7029 /* Assets.xcassets in Resources */,
				BCB257D52506DEE9005C7029 /* Main.storyboard in Resources */,
			);
			runOnlyForDeploymentPostprocessing = 0;
		};
/* End PBXResourcesBuildPhase section */

/* Begin PBXSourcesBuildPhase section */
		BCB257C62506DEE9005C7029 /* Sources */ = {
			isa = PBXSourcesBuildPhase;
			buildActionMask = 2147483647;
			files = (
				BC36E7BB250BFBAC00300D2F /* SearchVC+APIManagerDelegate.swift in Sources */,
				BC42238F2507E6B2006EEF05 /* SongTableViewCell.swift in Sources */,
				BCB257E42506E015005C7029 /* APIManager.swift in Sources */,
				BC36E7B9250A5EDD00300D2F /* DetailVC+Player.swift in Sources */,
				BC36E7BD250BFC0F00300D2F /* DetailVC+APIManagerDelegate.swift in Sources */,
				BCB257F72507C5DE005C7029 /* SearchVC+SearchBar.swift in Sources */,
				BCB257F52507C5C9005C7029 /* SearchVC+CollectionView.swift in Sources */,
				BCB257E62506E32F005C7029 /* APIDataModel.swift in Sources */,
				BCB257D22506DEE9005C7029 /* SearchViewController.swift in Sources */,
				BCB257CE2506DEE9005C7029 /* AppDelegate.swift in Sources */,
				BC42238C2507DC84006EEF05 /* DetailVC+TableView.swift in Sources */,
				BCB257D02506DEE9005C7029 /* SceneDelegate.swift in Sources */,
				BC42238A2507D49F006EEF05 /* DetailViewController.swift in Sources */,
				BCB257E8250798B0005C7029 /* SearchBarCollectionReusableView.swift in Sources */,
				BCB257EE25079E53005C7029 /* AlbumCollectionViewCell.swift in Sources */,
			);
			runOnlyForDeploymentPostprocessing = 0;
		};
/* End PBXSourcesBuildPhase section */

/* Begin PBXVariantGroup section */
		BCB257D32506DEE9005C7029 /* Main.storyboard */ = {
			isa = PBXVariantGroup;
			children = (
				BCB257D42506DEE9005C7029 /* Base */,
			);
			name = Main.storyboard;
			sourceTree = "<group>";
		};
		BCB257D82506DEEA005C7029 /* LaunchScreen.storyboard */ = {
			isa = PBXVariantGroup;
			children = (
				BCB257D92506DEEA005C7029 /* Base */,
			);
			name = LaunchScreen.storyboard;
			sourceTree = "<group>";
		};
/* End PBXVariantGroup section */

/* Begin XCBuildConfiguration section */
		BCB257DC2506DEEA005C7029 /* Debug */ = {
			isa = XCBuildConfiguration;
			buildSettings = {
				ALWAYS_SEARCH_USER_PATHS = NO;
				CLANG_ANALYZER_NONNULL = YES;
				CLANG_ANALYZER_NUMBER_OBJECT_CONVERSION = YES_AGGRESSIVE;
				CLANG_CXX_LANGUAGE_STANDARD = "gnu++14";
				CLANG_CXX_LIBRARY = "libc++";
				CLANG_ENABLE_MODULES = YES;
				CLANG_ENABLE_OBJC_ARC = YES;
				CLANG_ENABLE_OBJC_WEAK = YES;
				CLANG_WARN_BLOCK_CAPTURE_AUTORELEASING = YES;
				CLANG_WARN_BOOL_CONVERSION = YES;
				CLANG_WARN_COMMA = YES;
				CLANG_WARN_CONSTANT_CONVERSION = YES;
				CLANG_WARN_DEPRECATED_OBJC_IMPLEMENTATIONS = YES;
				CLANG_WARN_DIRECT_OBJC_ISA_USAGE = YES_ERROR;
				CLANG_WARN_DOCUMENTATION_COMMENTS = YES;
				CLANG_WARN_EMPTY_BODY = YES;
				CLANG_WARN_ENUM_CONVERSION = YES;
				CLANG_WARN_INFINITE_RECURSION = YES;
				CLANG_WARN_INT_CONVERSION = YES;
				CLANG_WARN_NON_LITERAL_NULL_CONVERSION = YES;
				CLANG_WARN_OBJC_IMPLICIT_RETAIN_SELF = YES;
				CLANG_WARN_OBJC_LITERAL_CONVERSION = YES;
				CLANG_WARN_OBJC_ROOT_CLASS = YES_ERROR;
				CLANG_WARN_RANGE_LOOP_ANALYSIS = YES;
				CLANG_WARN_STRICT_PROTOTYPES = YES;
				CLANG_WARN_SUSPICIOUS_MOVE = YES;
				CLANG_WARN_UNGUARDED_AVAILABILITY = YES_AGGRESSIVE;
				CLANG_WARN_UNREACHABLE_CODE = YES;
				CLANG_WARN__DUPLICATE_METHOD_MATCH = YES;
				COPY_PHASE_STRIP = NO;
				DEBUG_INFORMATION_FORMAT = dwarf;
				ENABLE_STRICT_OBJC_MSGSEND = YES;
				ENABLE_TESTABILITY = YES;
				GCC_C_LANGUAGE_STANDARD = gnu11;
				GCC_DYNAMIC_NO_PIC = NO;
				GCC_NO_COMMON_BLOCKS = YES;
				GCC_OPTIMIZATION_LEVEL = 0;
				GCC_PREPROCESSOR_DEFINITIONS = (
					"DEBUG=1",
					"$(inherited)",
				);
				GCC_WARN_64_TO_32_BIT_CONVERSION = YES;
				GCC_WARN_ABOUT_RETURN_TYPE = YES_ERROR;
				GCC_WARN_UNDECLARED_SELECTOR = YES;
				GCC_WARN_UNINITIALIZED_AUTOS = YES_AGGRESSIVE;
				GCC_WARN_UNUSED_FUNCTION = YES;
				GCC_WARN_UNUSED_VARIABLE = YES;
				IPHONEOS_DEPLOYMENT_TARGET = 13.7;
				MTL_ENABLE_DEBUG_INFO = INCLUDE_SOURCE;
				MTL_FAST_MATH = YES;
				ONLY_ACTIVE_ARCH = YES;
				SDKROOT = iphoneos;
				SWIFT_ACTIVE_COMPILATION_CONDITIONS = DEBUG;
				SWIFT_OPTIMIZATION_LEVEL = "-Onone";
			};
			name = Debug;
		};
		BCB257DD2506DEEA005C7029 /* Release */ = {
			isa = XCBuildConfiguration;
			buildSettings = {
				ALWAYS_SEARCH_USER_PATHS = NO;
				CLANG_ANALYZER_NONNULL = YES;
				CLANG_ANALYZER_NUMBER_OBJECT_CONVERSION = YES_AGGRESSIVE;
				CLANG_CXX_LANGUAGE_STANDARD = "gnu++14";
				CLANG_CXX_LIBRARY = "libc++";
				CLANG_ENABLE_MODULES = YES;
				CLANG_ENABLE_OBJC_ARC = YES;
				CLANG_ENABLE_OBJC_WEAK = YES;
				CLANG_WARN_BLOCK_CAPTURE_AUTORELEASING = YES;
				CLANG_WARN_BOOL_CONVERSION = YES;
				CLANG_WARN_COMMA = YES;
				CLANG_WARN_CONSTANT_CONVERSION = YES;
				CLANG_WARN_DEPRECATED_OBJC_IMPLEMENTATIONS = YES;
				CLANG_WARN_DIRECT_OBJC_ISA_USAGE = YES_ERROR;
				CLANG_WARN_DOCUMENTATION_COMMENTS = YES;
				CLANG_WARN_EMPTY_BODY = YES;
				CLANG_WARN_ENUM_CONVERSION = YES;
				CLANG_WARN_INFINITE_RECURSION = YES;
				CLANG_WARN_INT_CONVERSION = YES;
				CLANG_WARN_NON_LITERAL_NULL_CONVERSION = YES;
				CLANG_WARN_OBJC_IMPLICIT_RETAIN_SELF = YES;
				CLANG_WARN_OBJC_LITERAL_CONVERSION = YES;
				CLANG_WARN_OBJC_ROOT_CLASS = YES_ERROR;
				CLANG_WARN_RANGE_LOOP_ANALYSIS = YES;
				CLANG_WARN_STRICT_PROTOTYPES = YES;
				CLANG_WARN_SUSPICIOUS_MOVE = YES;
				CLANG_WARN_UNGUARDED_AVAILABILITY = YES_AGGRESSIVE;
				CLANG_WARN_UNREACHABLE_CODE = YES;
				CLANG_WARN__DUPLICATE_METHOD_MATCH = YES;
				COPY_PHASE_STRIP = NO;
				DEBUG_INFORMATION_FORMAT = "dwarf-with-dsym";
				ENABLE_NS_ASSERTIONS = NO;
				ENABLE_STRICT_OBJC_MSGSEND = YES;
				GCC_C_LANGUAGE_STANDARD = gnu11;
				GCC_NO_COMMON_BLOCKS = YES;
				GCC_WARN_64_TO_32_BIT_CONVERSION = YES;
				GCC_WARN_ABOUT_RETURN_TYPE = YES_ERROR;
				GCC_WARN_UNDECLARED_SELECTOR = YES;
				GCC_WARN_UNINITIALIZED_AUTOS = YES_AGGRESSIVE;
				GCC_WARN_UNUSED_FUNCTION = YES;
				GCC_WARN_UNUSED_VARIABLE = YES;
				IPHONEOS_DEPLOYMENT_TARGET = 13.7;
				MTL_ENABLE_DEBUG_INFO = NO;
				MTL_FAST_MATH = YES;
				SDKROOT = iphoneos;
				SWIFT_COMPILATION_MODE = wholemodule;
				SWIFT_OPTIMIZATION_LEVEL = "-O";
				VALIDATE_PRODUCT = YES;
			};
			name = Release;
		};
		BCB257DF2506DEEA005C7029 /* Debug */ = {
			isa = XCBuildConfiguration;
			buildSettings = {
				ASSETCATALOG_COMPILER_APPICON_NAME = AppIcon;
				CODE_SIGN_STYLE = Automatic;
				DEVELOPMENT_TEAM = 4HVP6F47R6;
				INFOPLIST_FILE = AlbumTunes/Info.plist;
				LD_RUNPATH_SEARCH_PATHS = (
					"$(inherited)",
					"@executable_path/Frameworks",
				);
				PRODUCT_BUNDLE_IDENTIFIER = dsushkov.AlbumTunes;
				PRODUCT_NAME = "$(TARGET_NAME)";
				SWIFT_VERSION = 5.0;
				TARGETED_DEVICE_FAMILY = 1;
			};
			name = Debug;
		};
		BCB257E02506DEEA005C7029 /* Release */ = {
			isa = XCBuildConfiguration;
			buildSettings = {
				ASSETCATALOG_COMPILER_APPICON_NAME = AppIcon;
				CODE_SIGN_STYLE = Automatic;
				DEVELOPMENT_TEAM = 4HVP6F47R6;
				INFOPLIST_FILE = AlbumTunes/Info.plist;
				LD_RUNPATH_SEARCH_PATHS = (
					"$(inherited)",
					"@executable_path/Frameworks",
				);
				PRODUCT_BUNDLE_IDENTIFIER = dsushkov.AlbumTunes;
				PRODUCT_NAME = "$(TARGET_NAME)";
				SWIFT_VERSION = 5.0;
				TARGETED_DEVICE_FAMILY = 1;
			};
			name = Release;
		};
/* End XCBuildConfiguration section */

/* Begin XCConfigurationList section */
		BCB257C52506DEE9005C7029 /* Build configuration list for PBXProject "AlbumTunes" */ = {
			isa = XCConfigurationList;
			buildConfigurations = (
				BCB257DC2506DEEA005C7029 /* Debug */,
				BCB257DD2506DEEA005C7029 /* Release */,
			);
			defaultConfigurationIsVisible = 0;
			defaultConfigurationName = Release;
		};
		BCB257DE2506DEEA005C7029 /* Build configuration list for PBXNativeTarget "AlbumTunes" */ = {
			isa = XCConfigurationList;
			buildConfigurations = (
				BCB257DF2506DEEA005C7029 /* Debug */,
				BCB257E02506DEEA005C7029 /* Release */,
			);
			defaultConfigurationIsVisible = 0;
			defaultConfigurationName = Release;
		};
/* End XCConfigurationList section */

/* Begin XCRemoteSwiftPackageReference section */
		BCB257F025079FC7005C7029 /* XCRemoteSwiftPackageReference "SDWebImage" */ = {
			isa = XCRemoteSwiftPackageReference;
			repositoryURL = "https://github.com/SDWebImage/SDWebImage.git";
			requirement = {
				kind = upToNextMajorVersion;
				minimumVersion = 5.9.0;
			};
		};
/* End XCRemoteSwiftPackageReference section */

/* Begin XCSwiftPackageProductDependency section */
		BCB257F125079FC7005C7029 /* SDWebImage */ = {
			isa = XCSwiftPackageProductDependency;
			package = BCB257F025079FC7005C7029 /* XCRemoteSwiftPackageReference "SDWebImage" */;
			productName = SDWebImage;
		};
/* End XCSwiftPackageProductDependency section */
	};
	rootObject = BCB257C22506DEE9005C7029 /* Project object */;
}
